
Microsoft Visual Studio Solution File, Format Version 12.00
# Visual Studio Version 16
VisualStudioVersion = 16.0.31729.503
MinimumVisualStudioVersion = 10.0.40219.1
Project("{9A19103F-16F7-4668-BE54-9A1E7A4F7556}") = "UdemyCoreProject", "UdemyCoreProject\UdemyCoreProject.csproj", "{D6D2A0D3-8E18-472E-86DA-E30AA2C5CAB8}"
EndProject
Project("{9A19103F-16F7-4668-BE54-9A1E7A4F7556}") = "BusinessLayer", "BusinessLayer\BusinessLayer.csproj", "{20DB3C8F-2DE9-4556-BAD2-DA65B3D95D64}"
EndProject
Project("{9A19103F-16F7-4668-BE54-9A1E7A4F7556}") = "DataAccessLayer", "DataAccessLayer\DataAccessLayer.csproj", "{5CE937A5-BCE3-421A-9AB9-185B716C37BB}"
EndProject
Project("{9A19103F-16F7-4668-BE54-9A1E7A4F7556}") = "EntityLayer", "EntityLayer\EntityLayer.csproj", "{07EC3486-B9C6-42DF-8C69-3C6BA0BAF206}"
EndProject
Project("{FAE04EC0-301F-11D3-BF4B-00C04F79EFBC}") = "CoreLayer", "CoreLayer\CoreLayer.csproj", "{429739F7-A798-499E-B057-9DF1A19CCF59}"
EndProject
Global
	GlobalSection(SolutionConfigurationPlatforms) = preSolution
		Debug|Any CPU = Debug|Any CPU
		Release|Any CPU = Release|Any CPU
	EndGlobalSection
	GlobalSection(ProjectConfigurationPlatforms) = postSolution
		{D6D2A0D3-8E18-472E-86DA-E30AA2C5CAB8}.Debug|Any CPU.ActiveCfg = Debug|Any CPU
		{D6D2A0D3-8E18-472E-86DA-E30AA2C5CAB8}.Debug|Any CPU.Build.0 = Debug|Any CPU
		{D6D2A0D3-8E18-472E-86DA-E30AA2C5CAB8}.Release|Any CPU.ActiveCfg = Release|Any CPU
		{D6D2A0D3-8E18-472E-86DA-E30AA2C5CAB8}.Release|Any CPU.Build.0 = Release|Any CPU
		{20DB3C8F-2DE9-4556-BAD2-DA65B3D95D64}.Debug|Any CPU.ActiveCfg = Debug|Any CPU
		{20DB3C8F-2DE9-4556-BAD2-DA65B3D95D64}.Debug|Any CPU.Build.0 = Debug|Any CPU
		{20DB3C8F-2DE9-4556-BAD2-DA65B3D95D64}.Release|Any CPU.ActiveCfg = Release|Any CPU
		{20DB3C8F-2DE9-4556-BAD2-DA65B3D95D64}.Release|Any CPU.Build.0 = Release|Any CPU
		{5CE937A5-BCE3-421A-9AB9-185B716C37BB}.Debug|Any CPU.ActiveCfg = Debug|Any CPU
		{5CE937A5-BCE3-421A-9AB9-185B716C37BB}.Debug|Any CPU.Build.0 = Debug|Any CPU
		{5CE937A5-BCE3-421A-9AB9-185B716C37BB}.Release|Any CPU.ActiveCfg = Release|Any CPU
		{5CE937A5-BCE3-421A-9AB9-185B716C37BB}.Release|Any CPU.Build.0 = Release|Any CPU
		{07EC3486-B9C6-42DF-8C69-3C6BA0BAF206}.Debug|Any CPU.ActiveCfg = Debug|Any CPU
		{07EC3486-B9C6-42DF-8C69-3C6BA0BAF206}.Debug|Any CPU.Build.0 = Debug|Any CPU
		{07EC3486-B9C6-42DF-8C69-3C6BA0BAF206}.Release|Any CPU.ActiveCfg = Release|Any CPU
		{07EC3486-B9C6-42DF-8C69-3C6BA0BAF206}.Release|Any CPU.Build.0 = Release|Any CPU
		{429739F7-A798-499E-B057-9DF1A19CCF59}.Debug|Any CPU.ActiveCfg = Debug|Any CPU
		{429739F7-A798-499E-B057-9DF1A19CCF59}.Debug|Any CPU.Build.0 = Debug|Any CPU
		{429739F7-A798-499E-B057-9DF1A19CCF59}.Release|Any CPU.ActiveCfg = Release|Any CPU
		{429739F7-A798-499E-B057-9DF1A19CCF59}.Release|Any CPU.Build.0 = Release|Any CPU
	EndGlobalSection
	GlobalSection(SolutionProperties) = preSolution
		HideSolutionNode = FALSE
	EndGlobalSection
	GlobalSection(ExtensibilityGlobals) = postSolution
		SolutionGuid = {60367F1F-1108-426B-8C1C-FCF224B5DCC5}
	EndGlobalSection
EndGlobal
